{
  "name": "zenite-ui-docs",
  "lockfileVersion": 3,
  "requires": true,
  "packages": {
    "": {
      "dependencies": {
        "zenite-ui": "^1.0.3"
      }
    },
    "node_modules/zenite-ui": {
      "version": "1.0.3",
      "resolved": "https://registry.npmjs.org/zenite-ui/-/zenite-ui-1.0.3.tgz",
      "integrity": "sha512-AJ7U7/CpR1RQ8e3pM1zPoMRbLGT4CXSg3mU8KScGTYncgxIjKpy8P58JCe77ujjkAKd2HtmjUnXBjVdWPYrVyw==",
      "license": "MIT"
    }
  }
}
